
Microsoft Visual Studio Solution File, Format Version 12.00
# Visual Studio Version 17
VisualStudioVersion = 17.4.33122.133
MinimumVisualStudioVersion = 10.0.40219.1
Project("{FAE04EC0-301F-11D3-BF4B-00C04F79EFBC}") = "momraApi", "momraApi\momraApi.csproj", "{2C614C02-9518-4500-899A-E39229E60C68}"
EndProject
Global
	GlobalSection(SolutionConfigurationPlatforms) = preSolution
		Debug|Any CPU = Debug|Any CPU
		Release|Any CPU = Release|Any CPU
	EndGlobalSection
	GlobalSection(ProjectConfigurationPlatforms) = postSolution
		{2C614C02-9518-4500-899A-E39229E60C68}.Debug|Any CPU.ActiveCfg = Debug|Any CPU
		{2C614C02-9518-4500-899A-E39229E60C68}.Debug|Any CPU.Build.0 = Debug|Any CPU
		{2C614C02-9518-4500-899A-E39229E60C68}.Release|Any CPU.ActiveCfg = Release|Any CPU
		{2C614C02-9518-4500-899A-E39229E60C68}.Release|Any CPU.Build.0 = Release|Any CPU
	EndGlobalSection
	GlobalSection(SolutionProperties) = preSolution
		HideSolutionNode = FALSE
	EndGlobalSection
	GlobalSection(ExtensibilityGlobals) = postSolution
		SolutionGuid = {F8B3370F-36C3-4154-8087-EB4D873C9064}
	EndGlobalSection
EndGlobal
